
Microsoft Visual Studio Solution File, Format Version 12.00
# Visual Studio Version 17
VisualStudioVersion = 17.0.32014.148
MinimumVisualStudioVersion = 10.0.40219.1
Project("{FAE04EC0-301F-11D3-BF4B-00C04F79EFBC}") = "server", "server\server.csproj", "{4039ED11-20CE-4D9E-86B4-3163723D6D5A}"
EndProject
Project("{FAE04EC0-301F-11D3-BF4B-00C04F79EFBC}") = "client", "client\client.csproj", "{267E53A7-178B-4E63-A755-B9E4CBA9D37F}"
EndProject
Global
	GlobalSection(SolutionConfigurationPlatforms) = preSolution
		Debug|Any CPU = Debug|Any CPU
		Release|Any CPU = Release|Any CPU
	EndGlobalSection
	GlobalSection(ProjectConfigurationPlatforms) = postSolution
		{4039ED11-20CE-4D9E-86B4-3163723D6D5A}.Debug|Any CPU.ActiveCfg = Debug|Any CPU
		{4039ED11-20CE-4D9E-86B4-3163723D6D5A}.Debug|Any CPU.Build.0 = Debug|Any CPU
		{4039ED11-20CE-4D9E-86B4-3163723D6D5A}.Release|Any CPU.ActiveCfg = Release|Any CPU
		{4039ED11-20CE-4D9E-86B4-3163723D6D5A}.Release|Any CPU.Build.0 = Release|Any CPU
		{267E53A7-178B-4E63-A755-B9E4CBA9D37F}.Debug|Any CPU.ActiveCfg = Debug|Any CPU
		{267E53A7-178B-4E63-A755-B9E4CBA9D37F}.Debug|Any CPU.Build.0 = Debug|Any CPU
		{267E53A7-178B-4E63-A755-B9E4CBA9D37F}.Release|Any CPU.ActiveCfg = Release|Any CPU
		{267E53A7-178B-4E63-A755-B9E4CBA9D37F}.Release|Any CPU.Build.0 = Release|Any CPU
	EndGlobalSection
	GlobalSection(SolutionProperties) = preSolution
		HideSolutionNode = FALSE
	EndGlobalSection
	GlobalSection(ExtensibilityGlobals) = postSolution
		SolutionGuid = {6FB55454-CC4B-40E4-A315-B7A3597E8A6C}
	EndGlobalSection
EndGlobal
